// !$*UTF8*$!
{
	archiveVersion = 1;
	classes = {
	};
	objectVersion = 55;
	objects = {

/* Begin PBXBuildFile section */
		69BCCADD2705E87500A4C0AD /* AppDelegate.swift in Sources */ = {isa = PBXBuildFile; fileRef = 69BCCADC2705E87500A4C0AD /* AppDelegate.swift */; };
		69BCCADF2705E87500A4C0AD /* SceneDelegate.swift in Sources */ = {isa = PBXBuildFile; fileRef = 69BCCADE2705E87500A4C0AD /* SceneDelegate.swift */; };
		69BCCAE42705E87500A4C0AD /* Main.storyboard in Resources */ = {isa = PBXBuildFile; fileRef = 69BCCAE22705E87500A4C0AD /* Main.storyboard */; };
		69BCCAE72705E87500A4C0AD /* locationTest2.xcdatamodeld in Sources */ = {isa = PBXBuildFile; fileRef = 69BCCAE52705E87500A4C0AD /* locationTest2.xcdatamodeld */; };
		69BCCAE92705E87700A4C0AD /* Assets.xcassets in Resources */ = {isa = PBXBuildFile; fileRef = 69BCCAE82705E87700A4C0AD /* Assets.xcassets */; };
		69BCCAEC2705E87700A4C0AD /* LaunchScreen.storyboard in Resources */ = {isa = PBXBuildFile; fileRef = 69BCCAEA2705E87700A4C0AD /* LaunchScreen.storyboard */; };
		69BCCAF92705F62400A4C0AD /* MapViewController.swift in Sources */ = {isa = PBXBuildFile; fileRef = 69BCCAF82705F62400A4C0AD /* MapViewController.swift */; };
		69BCCAFB2705F6A300A4C0AD /* AppPinController.swift in Sources */ = {isa = PBXBuildFile; fileRef = 69BCCAFA2705F6A300A4C0AD /* AppPinController.swift */; };
		69BCCB08270603BD00A4C0AD /* Locations+CoreDataClass.swift in Sources */ = {isa = PBXBuildFile; fileRef = 69BCCB06270603BD00A4C0AD /* Locations+CoreDataClass.swift */; };
		69BCCB09270603BD00A4C0AD /* Locations+CoreDataProperties.swift in Sources */ = {isa = PBXBuildFile; fileRef = 69BCCB07270603BD00A4C0AD /* Locations+CoreDataProperties.swift */; };
/* End PBXBuildFile section */

/* Begin PBXFileReference section */
		69BCCAD92705E87500A4C0AD /* locationTest2.app */ = {isa = PBXFileReference; explicitFileType = wrapper.application; includeInIndex = 0; path = locationTest2.app; sourceTree = BUILT_PRODUCTS_DIR; };
		69BCCADC2705E87500A4C0AD /* AppDelegate.swift */ = {isa = PBXFileReference; lastKnownFileType = sourcecode.swift; path = AppDelegate.swift; sourceTree = "<group>"; };
		69BCCADE2705E87500A4C0AD /* SceneDelegate.swift */ = {isa = PBXFileReference; lastKnownFileType = sourcecode.swift; path = SceneDelegate.swift; sourceTree = "<group>"; };
		69BCCAE32705E87500A4C0AD /* Base */ = {isa = PBXFileReference; lastKnownFileType = file.storyboard; name = Base; path = Base.lproj/Main.storyboard; sourceTree = "<group>"; };
		69BCCAE62705E87500A4C0AD /* locationTest2.xcdatamodel */ = {isa = PBXFileReference; lastKnownFileType = wrapper.xcdatamodel; path = locationTest2.xcdatamodel; sourceTree = "<group>"; };
		69BCCAE82705E87700A4C0AD /* Assets.xcassets */ = {isa = PBXFileReference; lastKnownFileType = folder.assetcatalog; path = Assets.xcassets; sourceTree = "<group>"; };
		69BCCAEB2705E87700A4C0AD /* Base */ = {isa = PBXFileReference; lastKnownFileType = file.storyboard; name = Base; path = Base.lproj/LaunchScreen.storyboard; sourceTree = "<group>"; };
		69BCCAED2705E87700A4C0AD /* Info.plist */ = {isa = PBXFileReference; lastKnownFileType = text.plist.xml; path = Info.plist; sourceTree = "<group>"; };
		69BCCAF82705F62400A4C0AD /* MapViewController.swift */ = {isa = PBXFileReference; lastKnownFileType = sourcecode.swift; path = MapViewController.swift; sourceTree = "<group>"; };
		69BCCAFA2705F6A300A4C0AD /* AppPinController.swift */ = {isa = PBXFileReference; lastKnownFileType = sourcecode.swift; path = AppPinController.swift; sourceTree = "<group>"; };
		69BCCB06270603BD00A4C0AD /* Locations+CoreDataClass.swift */ = {isa = PBXFileReference; lastKnownFileType = sourcecode.swift; path = "Locations+CoreDataClass.swift"; sourceTree = "<group>"; };
		69BCCB07270603BD00A4C0AD /* Locations+CoreDataProperties.swift */ = {isa = PBXFileReference; lastKnownFileType = sourcecode.swift; path = "Locations+CoreDataProperties.swift"; sourceTree = "<group>"; };
/* End PBXFileReference section */

/* Begin PBXFrameworksBuildPhase section */
		69BCCAD62705E87500A4C0AD /* Frameworks */ = {
			isa = PBXFrameworksBuildPhase;
			buildActionMask = 2147483647;
			files = (
			);
			runOnlyForDeploymentPostprocessing = 0;
		};
/* End PBXFrameworksBuildPhase section */

/* Begin PBXGroup section */
		69BCCAD02705E87500A4C0AD = {
			isa = PBXGroup;
			children = (
				69BCCB06270603BD00A4C0AD /* Locations+CoreDataClass.swift */,
				69BCCB07270603BD00A4C0AD /* Locations+CoreDataProperties.swift */,
				69BCCADB2705E87500A4C0AD /* locationTest2 */,
				69BCCADA2705E87500A4C0AD /* Products */,
			);
			sourceTree = "<group>";
		};
		69BCCADA2705E87500A4C0AD /* Products */ = {
			isa = PBXGroup;
			children = (
				69BCCAD92705E87500A4C0AD /* locationTest2.app */,
			);
			name = Products;
			sourceTree = "<group>";
		};
		69BCCADB2705E87500A4C0AD /* locationTest2 */ = {
			isa = PBXGroup;
			children = (
				69BCCADC2705E87500A4C0AD /* AppDelegate.swift */,
				69BCCADE2705E87500A4C0AD /* SceneDelegate.swift */,
				69BCCAE22705E87500A4C0AD /* Main.storyboard */,
				69BCCAE82705E87700A4C0AD /* Assets.xcassets */,
				69BCCAEA2705E87700A4C0AD /* LaunchScreen.storyboard */,
				69BCCAED2705E87700A4C0AD /* Info.plist */,
				69BCCAE52705E87500A4C0AD /* locationTest2.xcdatamodeld */,
				69BCCAF82705F62400A4C0AD /* MapViewController.swift */,
				69BCCAFA2705F6A300A4C0AD /* AppPinController.swift */,
			);
			path = locationTest2;
			sourceTree = "<group>";
		};
/* End PBXGroup section */

/* Begin PBXNativeTarget section */
		69BCCAD82705E87500A4C0AD /* locationTest2 */ = {
			isa = PBXNativeTarget;
			buildConfigurationList = 69BCCAF02705E87700A4C0AD /* Build configuration list for PBXNativeTarget "locationTest2" */;
			buildPhases = (
				69BCCAD52705E87500A4C0AD /* Sources */,
				69BCCAD62705E87500A4C0AD /* Frameworks */,
				69BCCAD72705E87500A4C0AD /* Resources */,
			);
			buildRules = (
			);
			dependencies = (
			);
			name = locationTest2;
			productName = locationTest2;
			productReference = 69BCCAD92705E87500A4C0AD /* locationTest2.app */;
			productType = "com.apple.product-type.application";
		};
/* End PBXNativeTarget section */

/* Begin PBXProject section */
		69BCCAD12705E87500A4C0AD /* Project object */ = {
			isa = PBXProject;
			attributes = {
				BuildIndependentTargetsInParallel = 1;
				LastSwiftUpdateCheck = 1300;
				LastUpgradeCheck = 1300;
				TargetAttributes = {
					69BCCAD82705E87500A4C0AD = {
						CreatedOnToolsVersion = 13.0;
					};
				};
			};
			buildConfigurationList = 69BCCAD42705E87500A4C0AD /* Build configuration list for PBXProject "locationTest2" */;
			compatibilityVersion = "Xcode 13.0";
			developmentRegion = en;
			hasScannedForEncodings = 0;
			knownRegions = (
				en,
				Base,
			);
			mainGroup = 69BCCAD02705E87500A4C0AD;
			productRefGroup = 69BCCADA2705E87500A4C0AD /* Products */;
			projectDirPath = "";
			projectRoot = "";
			targets = (
				69BCCAD82705E87500A4C0AD /* locationTest2 */,
			);
		};
/* End PBXProject section */

/* Begin PBXResourcesBuildPhase section */
		69BCCAD72705E87500A4C0AD /* Resources */ = {
			isa = PBXResourcesBuildPhase;
			buildActionMask = 2147483647;
			files = (
				69BCCAEC2705E87700A4C0AD /* LaunchScreen.storyboard in Resources */,
				69BCCAE92705E87700A4C0AD /* Assets.xcassets in Resources */,
				69BCCAE42705E87500A4C0AD /* Main.storyboard in Resources */,
			);
			runOnlyForDeploymentPostprocessing = 0;
		};
/* End PBXResourcesBuildPhase section */

/* Begin PBXSourcesBuildPhase section */
		69BCCAD52705E87500A4C0AD /* Sources */ = {
			isa = PBXSourcesBuildPhase;
			buildActionMask = 2147483647;
			files = (
				69BCCB08270603BD00A4C0AD /* Locations+CoreDataClass.swift in Sources */,
				69BCCAE72705E87500A4C0AD /* locationTest2.xcdatamodeld in Sources */,
				69BCCADD2705E87500A4C0AD /* AppDelegate.swift in Sources */,
				69BCCAFB2705F6A300A4C0AD /* AppPinController.swift in Sources */,
				69BCCB09270603BD00A4C0AD /* Locations+CoreDataProperties.swift in Sources */,
				69BCCADF2705E87500A4C0AD /* SceneDelegate.swift in Sources */,
				69BCCAF92705F62400A4C0AD /* MapViewController.swift in Sources */,
			);
			runOnlyForDeploymentPostprocessing = 0;
		};
/* End PBXSourcesBuildPhase section */

/* Begin PBXVariantGroup section */
		69BCCAE22705E87500A4C0AD /* Main.storyboard */ = {
			isa = PBXVariantGroup;
			children = (
				69BCCAE32705E87500A4C0AD /* Base */,
			);
			name = Main.storyboard;
			sourceTree = "<group>";
		};
		69BCCAEA2705E87700A4C0AD /* LaunchScreen.storyboard */ = {
			isa = PBXVariantGroup;
			children = (
				69BCCAEB2705E87700A4C0AD /* Base */,
			);
			name = LaunchScreen.storyboard;
			sourceTree = "<group>";
		};
/* End PBXVariantGroup section */

/* Begin XCBuildConfiguration section */
		69BCCAEE2705E87700A4C0AD /* Debug */ = {
			isa = XCBuildConfiguration;
			buildSettings = {
				ALWAYS_SEARCH_USER_PATHS = NO;
				CLANG_ANALYZER_NONNULL = YES;
				CLANG_ANALYZER_NUMBER_OBJECT_CONVERSION = YES_AGGRESSIVE;
				CLANG_CXX_LANGUAGE_STANDARD = "gnu++17";
				CLANG_CXX_LIBRARY = "libc++";
				CLANG_ENABLE_MODULES = YES;
				CLANG_ENABLE_OBJC_ARC = YES;
				CLANG_ENABLE_OBJC_WEAK = YES;
				CLANG_WARN_BLOCK_CAPTURE_AUTORELEASING = YES;
				CLANG_WARN_BOOL_CONVERSION = YES;
				CLANG_WARN_COMMA = YES;
				CLANG_WARN_CONSTANT_CONVERSION = YES;
				CLANG_WARN_DEPRECATED_OBJC_IMPLEMENTATIONS = YES;
				CLANG_WARN_DIRECT_OBJC_ISA_USAGE = YES_ERROR;
				CLANG_WARN_DOCUMENTATION_COMMENTS = YES;
				CLANG_WARN_EMPTY_BODY = YES;
				CLANG_WARN_ENUM_CONVERSION = YES;
				CLANG_WARN_INFINITE_RECURSION = YES;
				CLANG_WARN_INT_CONVERSION = YES;
				CLANG_WARN_NON_LITERAL_NULL_CONVERSION = YES;
				CLANG_WARN_OBJC_IMPLICIT_RETAIN_SELF = YES;
				CLANG_WARN_OBJC_LITERAL_CONVERSION = YES;
				CLANG_WARN_OBJC_ROOT_CLASS = YES_ERROR;
				CLANG_WARN_QUOTED_INCLUDE_IN_FRAMEWORK_HEADER = YES;
				CLANG_WARN_RANGE_LOOP_ANALYSIS = YES;
				CLANG_WARN_STRICT_PROTOTYPES = YES;
				CLANG_WARN_SUSPICIOUS_MOVE = YES;
				CLANG_WARN_UNGUARDED_AVAILABILITY = YES_AGGRESSIVE;
				CLANG_WARN_UNREACHABLE_CODE = YES;
				CLANG_WARN__DUPLICATE_METHOD_MATCH = YES;
				COPY_PHASE_STRIP = NO;
				DEBUG_INFORMATION_FORMAT = dwarf;
				ENABLE_STRICT_OBJC_MSGSEND = YES;
				ENABLE_TESTABILITY = YES;
				GCC_C_LANGUAGE_STANDARD = gnu11;
				GCC_DYNAMIC_NO_PIC = NO;
				GCC_NO_COMMON_BLOCKS = YES;
				GCC_OPTIMIZATION_LEVEL = 0;
				GCC_PREPROCESSOR_DEFINITIONS = (
					"DEBUG=1",
					"$(inherited)",
				);
				GCC_WARN_64_TO_32_BIT_CONVERSION = YES;
				GCC_WARN_ABOUT_RETURN_TYPE = YES_ERROR;
				GCC_WARN_UNDECLARED_SELECTOR = YES;
				GCC_WARN_UNINITIALIZED_AUTOS = YES_AGGRESSIVE;
				GCC_WARN_UNUSED_FUNCTION = YES;
				GCC_WARN_UNUSED_VARIABLE = YES;
				IPHONEOS_DEPLOYMENT_TARGET = 15.0;
				MTL_ENABLE_DEBUG_INFO = INCLUDE_SOURCE;
				MTL_FAST_MATH = YES;
				ONLY_ACTIVE_ARCH = YES;
				SDKROOT = iphoneos;
				SWIFT_ACTIVE_COMPILATION_CONDITIONS = DEBUG;
				SWIFT_OPTIMIZATION_LEVEL = "-Onone";
			};
			name = Debug;
		};
		69BCCAEF2705E87700A4C0AD /* Release */ = {
			isa = XCBuildConfiguration;
			buildSettings = {
				ALWAYS_SEARCH_USER_PATHS = NO;
				CLANG_ANALYZER_NONNULL = YES;
				CLANG_ANALYZER_NUMBER_OBJECT_CONVERSION = YES_AGGRESSIVE;
				CLANG_CXX_LANGUAGE_STANDARD = "gnu++17";
				CLANG_CXX_LIBRARY = "libc++";
				CLANG_ENABLE_MODULES = YES;
				CLANG_ENABLE_OBJC_ARC = YES;
				CLANG_ENABLE_OBJC_WEAK = YES;
				CLANG_WARN_BLOCK_CAPTURE_AUTORELEASING = YES;
				CLANG_WARN_BOOL_CONVERSION = YES;
				CLANG_WARN_COMMA = YES;
				CLANG_WARN_CONSTANT_CONVERSION = YES;
				CLANG_WARN_DEPRECATED_OBJC_IMPLEMENTATIONS = YES;
				CLANG_WARN_DIRECT_OBJC_ISA_USAGE = YES_ERROR;
				CLANG_WARN_DOCUMENTATION_COMMENTS = YES;
				CLANG_WARN_EMPTY_BODY = YES;
				CLANG_WARN_ENUM_CONVERSION = YES;
				CLANG_WARN_INFINITE_RECURSION = YES;
				CLANG_WARN_INT_CONVERSION = YES;
				CLANG_WARN_NON_LITERAL_NULL_CONVERSION = YES;
				CLANG_WARN_OBJC_IMPLICIT_RETAIN_SELF = YES;
				CLANG_WARN_OBJC_LITERAL_CONVERSION = YES;
				CLANG_WARN_OBJC_ROOT_CLASS = YES_ERROR;
				CLANG_WARN_QUOTED_INCLUDE_IN_FRAMEWORK_HEADER = YES;
				CLANG_WARN_RANGE_LOOP_ANALYSIS = YES;
				CLANG_WARN_STRICT_PROTOTYPES = YES;
				CLANG_WARN_SUSPICIOUS_MOVE = YES;
				CLANG_WARN_UNGUARDED_AVAILABILITY = YES_AGGRESSIVE;
				CLANG_WARN_UNREACHABLE_CODE = YES;
				CLANG_WARN__DUPLICATE_METHOD_MATCH = YES;
				COPY_PHASE_STRIP = NO;
				DEBUG_INFORMATION_FORMAT = "dwarf-with-dsym";
				ENABLE_NS_ASSERTIONS = NO;
				ENABLE_STRICT_OBJC_MSGSEND = YES;
				GCC_C_LANGUAGE_STANDARD = gnu11;
				GCC_NO_COMMON_BLOCKS = YES;
				GCC_WARN_64_TO_32_BIT_CONVERSION = YES;
				GCC_WARN_ABOUT_RETURN_TYPE = YES_ERROR;
				GCC_WARN_UNDECLARED_SELECTOR = YES;
				GCC_WARN_UNINITIALIZED_AUTOS = YES_AGGRESSIVE;
				GCC_WARN_UNUSED_FUNCTION = YES;
				GCC_WARN_UNUSED_VARIABLE = YES;
				IPHONEOS_DEPLOYMENT_TARGET = 15.0;
				MTL_ENABLE_DEBUG_INFO = NO;
				MTL_FAST_MATH = YES;
				SDKROOT = iphoneos;
				SWIFT_COMPILATION_MODE = wholemodule;
				SWIFT_OPTIMIZATION_LEVEL = "-O";
				VALIDATE_PRODUCT = YES;
			};
			name = Release;
		};
		69BCCAF12705E87700A4C0AD /* Debug */ = {
			isa = XCBuildConfiguration;
			buildSettings = {
				ASSETCATALOG_COMPILER_APPICON_NAME = AppIcon;
				ASSETCATALOG_COMPILER_GLOBAL_ACCENT_COLOR_NAME = AccentColor;
				CODE_SIGN_STYLE = Automatic;
				CURRENT_PROJECT_VERSION = 1;
				GENERATE_INFOPLIST_FILE = YES;
				INFOPLIST_FILE = locationTest2/Info.plist;
				INFOPLIST_KEY_UIApplicationSupportsIndirectInputEvents = YES;
				INFOPLIST_KEY_UILaunchStoryboardName = LaunchScreen;
				INFOPLIST_KEY_UIMainStoryboardFile = Main;
				INFOPLIST_KEY_UISupportedInterfaceOrientations_iPad = "UIInterfaceOrientationPortrait UIInterfaceOrientationPortraitUpsideDown UIInterfaceOrientationLandscapeLeft UIInterfaceOrientationLandscapeRight";
				INFOPLIST_KEY_UISupportedInterfaceOrientations_iPhone = "UIInterfaceOrientationPortrait UIInterfaceOrientationLandscapeLeft UIInterfaceOrientationLandscapeRight";
				LD_RUNPATH_SEARCH_PATHS = (
					"$(inherited)",
					"@executable_path/Frameworks",
				);
				MARKETING_VERSION = 1.0;
				PRODUCT_BUNDLE_IDENTIFIER = com.location.locationTest2;
				PRODUCT_NAME = "$(TARGET_NAME)";
				SWIFT_EMIT_LOC_STRINGS = YES;
				SWIFT_VERSION = 5.0;
				TARGETED_DEVICE_FAMILY = "1,2";
			};
			name = Debug;
		};
		69BCCAF22705E87700A4C0AD /* Release */ = {
			isa = XCBuildConfiguration;
			buildSettings = {
				ASSETCATALOG_COMPILER_APPICON_NAME = AppIcon;
				ASSETCATALOG_COMPILER_GLOBAL_ACCENT_COLOR_NAME = AccentColor;
				CODE_SIGN_STYLE = Automatic;
				CURRENT_PROJECT_VERSION = 1;
				GENERATE_INFOPLIST_FILE = YES;
				INFOPLIST_FILE = locationTest2/Info.plist;
				INFOPLIST_KEY_UIApplicationSupportsIndirectInputEvents = YES;
				INFOPLIST_KEY_UILaunchStoryboardName = LaunchScreen;
				INFOPLIST_KEY_UIMainStoryboardFile = Main;
				INFOPLIST_KEY_UISupportedInterfaceOrientations_iPad = "UIInterfaceOrientationPortrait UIInterfaceOrientationPortraitUpsideDown UIInterfaceOrientationLandscapeLeft UIInterfaceOrientationLandscapeRight";
				INFOPLIST_KEY_UISupportedInterfaceOrientations_iPhone = "UIInterfaceOrientationPortrait UIInterfaceOrientationLandscapeLeft UIInterfaceOrientationLandscapeRight";
				LD_RUNPATH_SEARCH_PATHS = (
					"$(inherited)",
					"@executable_path/Frameworks",
				);
				MARKETING_VERSION = 1.0;
				PRODUCT_BUNDLE_IDENTIFIER = com.location.locationTest2;
				PRODUCT_NAME = "$(TARGET_NAME)";
				SWIFT_EMIT_LOC_STRINGS = YES;
				SWIFT_VERSION = 5.0;
				TARGETED_DEVICE_FAMILY = "1,2";
			};
			name = Release;
		};
/* End XCBuildConfiguration section */

/* Begin XCConfigurationList section */
		69BCCAD42705E87500A4C0AD /* Build configuration list for PBXProject "locationTest2" */ = {
			isa = XCConfigurationList;
			buildConfigurations = (
				69BCCAEE2705E87700A4C0AD /* Debug */,
				69BCCAEF2705E87700A4C0AD /* Release */,
			);
			defaultConfigurationIsVisible = 0;
			defaultConfigurationName = Release;
		};
		69BCCAF02705E87700A4C0AD /* Build configuration list for PBXNativeTarget "locationTest2" */ = {
			isa = XCConfigurationList;
			buildConfigurations = (
				69BCCAF12705E87700A4C0AD /* Debug */,
				69BCCAF22705E87700A4C0AD /* Release */,
			);
			defaultConfigurationIsVisible = 0;
			defaultConfigurationName = Release;
		};
/* End XCConfigurationList section */

/* Begin XCVersionGroup section */
		69BCCAE52705E87500A4C0AD /* locationTest2.xcdatamodeld */ = {
			isa = XCVersionGroup;
			children = (
				69BCCAE62705E87500A4C0AD /* locationTest2.xcdatamodel */,
			);
			currentVersion = 69BCCAE62705E87500A4C0AD /* locationTest2.xcdatamodel */;
			path = locationTest2.xcdatamodeld;
			sourceTree = "<group>";
			versionGroupType = wrapper.xcdatamodel;
		};
/* End XCVersionGroup section */
	};
	rootObject = 69BCCAD12705E87500A4C0AD /* Project object */;
}
